
Microsoft Visual Studio Solution File, Format Version 12.00
# Visual Studio Version 17
VisualStudioVersion = 17.4.33213.308
MinimumVisualStudioVersion = 10.0.40219.1
Project("{FAE04EC0-301F-11D3-BF4B-00C04F79EFBC}") = "ColorProject.Android", "ColorProject.Android\ColorProject.Android.csproj", "{599E38B0-877C-4995-8E1C-C8B4EDE3A55F}"
EndProject
Project("{FAE04EC0-301F-11D3-BF4B-00C04F79EFBC}") = "ColorProject.iOS", "ColorProject.iOS\ColorProject.iOS.csproj", "{1CF023F0-3097-453F-B4AB-E47993B7C015}"
EndProject
Project("{FAE04EC0-301F-11D3-BF4B-00C04F79EFBC}") = "ColorProject", "ColorProject\ColorProject.csproj", "{D3BA9B0E-8263-4C83-8E5C-14159BA865FB}"
EndProject
Global
	GlobalSection(SolutionConfigurationPlatforms) = preSolution
		Debug|Any CPU = Debug|Any CPU
		Debug|iPhone = Debug|iPhone
		Debug|iPhoneSimulator = Debug|iPhoneSimulator
		Release|Any CPU = Release|Any CPU
		Release|iPhone = Release|iPhone
		Release|iPhoneSimulator = Release|iPhoneSimulator
	EndGlobalSection
	GlobalSection(ProjectConfigurationPlatforms) = postSolution
		{599E38B0-877C-4995-8E1C-C8B4EDE3A55F}.Debug|Any CPU.ActiveCfg = Debug|Any CPU
		{599E38B0-877C-4995-8E1C-C8B4EDE3A55F}.Debug|Any CPU.Build.0 = Debug|Any CPU
		{599E38B0-877C-4995-8E1C-C8B4EDE3A55F}.Debug|Any CPU.Deploy.0 = Debug|Any CPU
		{599E38B0-877C-4995-8E1C-C8B4EDE3A55F}.Debug|iPhone.ActiveCfg = Debug|Any CPU
		{599E38B0-877C-4995-8E1C-C8B4EDE3A55F}.Debug|iPhone.Build.0 = Debug|Any CPU
		{599E38B0-877C-4995-8E1C-C8B4EDE3A55F}.Debug|iPhone.Deploy.0 = Debug|Any CPU
		{599E38B0-877C-4995-8E1C-C8B4EDE3A55F}.Debug|iPhoneSimulator.ActiveCfg = Debug|Any CPU
		{599E38B0-877C-4995-8E1C-C8B4EDE3A55F}.Debug|iPhoneSimulator.Build.0 = Debug|Any CPU
		{599E38B0-877C-4995-8E1C-C8B4EDE3A55F}.Debug|iPhoneSimulator.Deploy.0 = Debug|Any CPU
		{599E38B0-877C-4995-8E1C-C8B4EDE3A55F}.Release|Any CPU.ActiveCfg = Release|Any CPU
		{599E38B0-877C-4995-8E1C-C8B4EDE3A55F}.Release|Any CPU.Build.0 = Release|Any CPU
		{599E38B0-877C-4995-8E1C-C8B4EDE3A55F}.Release|Any CPU.Deploy.0 = Release|Any CPU
		{599E38B0-877C-4995-8E1C-C8B4EDE3A55F}.Release|iPhone.ActiveCfg = Release|Any CPU
		{599E38B0-877C-4995-8E1C-C8B4EDE3A55F}.Release|iPhone.Build.0 = Release|Any CPU
		{599E38B0-877C-4995-8E1C-C8B4EDE3A55F}.Release|iPhone.Deploy.0 = Release|Any CPU
		{599E38B0-877C-4995-8E1C-C8B4EDE3A55F}.Release|iPhoneSimulator.ActiveCfg = Release|Any CPU
		{599E38B0-877C-4995-8E1C-C8B4EDE3A55F}.Release|iPhoneSimulator.Build.0 = Release|Any CPU
		{599E38B0-877C-4995-8E1C-C8B4EDE3A55F}.Release|iPhoneSimulator.Deploy.0 = Release|Any CPU
		{1CF023F0-3097-453F-B4AB-E47993B7C015}.Debug|Any CPU.ActiveCfg = Debug|iPhone
		{1CF023F0-3097-453F-B4AB-E47993B7C015}.Debug|Any CPU.Build.0 = Debug|iPhone
		{1CF023F0-3097-453F-B4AB-E47993B7C015}.Debug|Any CPU.Deploy.0 = Debug|iPhone
		{1CF023F0-3097-453F-B4AB-E47993B7C015}.Debug|iPhone.ActiveCfg = Debug|iPhone
		{1CF023F0-3097-453F-B4AB-E47993B7C015}.Debug|iPhone.Build.0 = Debug|iPhone
		{1CF023F0-3097-453F-B4AB-E47993B7C015}.Debug|iPhone.Deploy.0 = Debug|iPhone
		{1CF023F0-3097-453F-B4AB-E47993B7C015}.Debug|iPhoneSimulator.ActiveCfg = Debug|iPhoneSimulator
		{1CF023F0-3097-453F-B4AB-E47993B7C015}.Debug|iPhoneSimulator.Build.0 = Debug|iPhoneSimulator
		{1CF023F0-3097-453F-B4AB-E47993B7C015}.Debug|iPhoneSimulator.Deploy.0 = Debug|iPhoneSimulator
		{1CF023F0-3097-453F-B4AB-E47993B7C015}.Release|Any CPU.ActiveCfg = Release|iPhoneSimulator
		{1CF023F0-3097-453F-B4AB-E47993B7C015}.Release|Any CPU.Build.0 = Release|iPhoneSimulator
		{1CF023F0-3097-453F-B4AB-E47993B7C015}.Release|Any CPU.Deploy.0 = Release|iPhoneSimulator
		{1CF023F0-3097-453F-B4AB-E47993B7C015}.Release|iPhone.ActiveCfg = Release|iPhone
		{1CF023F0-3097-453F-B4AB-E47993B7C015}.Release|iPhone.Build.0 = Release|iPhone
		{1CF023F0-3097-453F-B4AB-E47993B7C015}.Release|iPhone.Deploy.0 = Release|iPhone
		{1CF023F0-3097-453F-B4AB-E47993B7C015}.Release|iPhoneSimulator.ActiveCfg = Release|iPhoneSimulator
		{1CF023F0-3097-453F-B4AB-E47993B7C015}.Release|iPhoneSimulator.Build.0 = Release|iPhoneSimulator
		{1CF023F0-3097-453F-B4AB-E47993B7C015}.Release|iPhoneSimulator.Deploy.0 = Release|iPhoneSimulator
		{D3BA9B0E-8263-4C83-8E5C-14159BA865FB}.Debug|Any CPU.ActiveCfg = Debug|Any CPU
		{D3BA9B0E-8263-4C83-8E5C-14159BA865FB}.Debug|Any CPU.Build.0 = Debug|Any CPU
		{D3BA9B0E-8263-4C83-8E5C-14159BA865FB}.Debug|Any CPU.Deploy.0 = Debug|Any CPU
		{D3BA9B0E-8263-4C83-8E5C-14159BA865FB}.Debug|iPhone.ActiveCfg = Debug|Any CPU
		{D3BA9B0E-8263-4C83-8E5C-14159BA865FB}.Debug|iPhone.Build.0 = Debug|Any CPU
		{D3BA9B0E-8263-4C83-8E5C-14159BA865FB}.Debug|iPhone.Deploy.0 = Debug|Any CPU
		{D3BA9B0E-8263-4C83-8E5C-14159BA865FB}.Debug|iPhoneSimulator.ActiveCfg = Debug|Any CPU
		{D3BA9B0E-8263-4C83-8E5C-14159BA865FB}.Debug|iPhoneSimulator.Build.0 = Debug|Any CPU
		{D3BA9B0E-8263-4C83-8E5C-14159BA865FB}.Debug|iPhoneSimulator.Deploy.0 = Debug|Any CPU
		{D3BA9B0E-8263-4C83-8E5C-14159BA865FB}.Release|Any CPU.ActiveCfg = Release|Any CPU
		{D3BA9B0E-8263-4C83-8E5C-14159BA865FB}.Release|Any CPU.Build.0 = Release|Any CPU
		{D3BA9B0E-8263-4C83-8E5C-14159BA865FB}.Release|Any CPU.Deploy.0 = Release|Any CPU
		{D3BA9B0E-8263-4C83-8E5C-14159BA865FB}.Release|iPhone.ActiveCfg = Release|Any CPU
		{D3BA9B0E-8263-4C83-8E5C-14159BA865FB}.Release|iPhone.Build.0 = Release|Any CPU
		{D3BA9B0E-8263-4C83-8E5C-14159BA865FB}.Release|iPhone.Deploy.0 = Release|Any CPU
		{D3BA9B0E-8263-4C83-8E5C-14159BA865FB}.Release|iPhoneSimulator.ActiveCfg = Release|Any CPU
		{D3BA9B0E-8263-4C83-8E5C-14159BA865FB}.Release|iPhoneSimulator.Build.0 = Release|Any CPU
		{D3BA9B0E-8263-4C83-8E5C-14159BA865FB}.Release|iPhoneSimulator.Deploy.0 = Release|Any CPU
	EndGlobalSection
	GlobalSection(SolutionProperties) = preSolution
		HideSolutionNode = FALSE
	EndGlobalSection
	GlobalSection(ExtensibilityGlobals) = postSolution
		SolutionGuid = {485D97A0-8200-4BA3-945D-90F5A0237B3E}
	EndGlobalSection
EndGlobal
